
Microsoft Visual Studio Solution File, Format Version 12.00
# Visual Studio Version 17
VisualStudioVersion = 17.0.31903.59
MinimumVisualStudioVersion = 10.0.40219.1
Project("{2150E333-8FDC-42A3-9474-1A3956D46DE8}") = "Tests", "Tests", "{E4DEE1C0-F3BA-4B03-B208-C92042C61594}"
EndProject
Project("{FAE04EC0-301F-11D3-BF4B-00C04F79EFBC}") = "Application.Tests.Unit", "Tests\Application.Tests.Unit\Application.Tests.Unit.csproj", "{D052140B-8415-4E86-824C-B59F38671E30}"
EndProject
Project("{2150E333-8FDC-42A3-9474-1A3956D46DE8}") = "Src", "Src", "{E0B44034-6610-41F1-8F6C-B568AAB76DA0}"
EndProject
Project("{FAE04EC0-301F-11D3-BF4B-00C04F79EFBC}") = "WebAPI", "WebAPI\WebAPI.csproj", "{26AA46D8-299F-4B16-8BD8-B7A4D2889C1E}"
EndProject
Project("{FAE04EC0-301F-11D3-BF4B-00C04F79EFBC}") = "Infrastructure", "Src\Infrastructure\Infrastructure.csproj", "{0EAF074C-D69C-4767-83F5-C84224AC660E}"
EndProject
Project("{FAE04EC0-301F-11D3-BF4B-00C04F79EFBC}") = "Application", "Src\Application\Application.csproj", "{625988A7-434C-46B9-A846-1EDE65355661}"
EndProject
Project("{FAE04EC0-301F-11D3-BF4B-00C04F79EFBC}") = "Domain", "Src\Domain\Domain.csproj", "{97C1589C-495D-4A52-9B73-34F9F156D7CC}"
EndProject
Global
	GlobalSection(SolutionConfigurationPlatforms) = preSolution
		Debug|Any CPU = Debug|Any CPU
		Release|Any CPU = Release|Any CPU
	EndGlobalSection
	GlobalSection(ProjectConfigurationPlatforms) = postSolution
		{D052140B-8415-4E86-824C-B59F38671E30}.Debug|Any CPU.ActiveCfg = Debug|Any CPU
		{D052140B-8415-4E86-824C-B59F38671E30}.Debug|Any CPU.Build.0 = Debug|Any CPU
		{D052140B-8415-4E86-824C-B59F38671E30}.Release|Any CPU.ActiveCfg = Release|Any CPU
		{D052140B-8415-4E86-824C-B59F38671E30}.Release|Any CPU.Build.0 = Release|Any CPU
		{26AA46D8-299F-4B16-8BD8-B7A4D2889C1E}.Debug|Any CPU.ActiveCfg = Debug|Any CPU
		{26AA46D8-299F-4B16-8BD8-B7A4D2889C1E}.Debug|Any CPU.Build.0 = Debug|Any CPU
		{26AA46D8-299F-4B16-8BD8-B7A4D2889C1E}.Release|Any CPU.ActiveCfg = Release|Any CPU
		{26AA46D8-299F-4B16-8BD8-B7A4D2889C1E}.Release|Any CPU.Build.0 = Release|Any CPU
		{0EAF074C-D69C-4767-83F5-C84224AC660E}.Debug|Any CPU.ActiveCfg = Debug|Any CPU
		{0EAF074C-D69C-4767-83F5-C84224AC660E}.Debug|Any CPU.Build.0 = Debug|Any CPU
		{0EAF074C-D69C-4767-83F5-C84224AC660E}.Release|Any CPU.ActiveCfg = Release|Any CPU
		{0EAF074C-D69C-4767-83F5-C84224AC660E}.Release|Any CPU.Build.0 = Release|Any CPU
		{625988A7-434C-46B9-A846-1EDE65355661}.Debug|Any CPU.ActiveCfg = Debug|Any CPU
		{625988A7-434C-46B9-A846-1EDE65355661}.Debug|Any CPU.Build.0 = Debug|Any CPU
		{625988A7-434C-46B9-A846-1EDE65355661}.Release|Any CPU.ActiveCfg = Release|Any CPU
		{625988A7-434C-46B9-A846-1EDE65355661}.Release|Any CPU.Build.0 = Release|Any CPU
		{97C1589C-495D-4A52-9B73-34F9F156D7CC}.Debug|Any CPU.ActiveCfg = Debug|Any CPU
		{97C1589C-495D-4A52-9B73-34F9F156D7CC}.Debug|Any CPU.Build.0 = Debug|Any CPU
		{97C1589C-495D-4A52-9B73-34F9F156D7CC}.Release|Any CPU.ActiveCfg = Release|Any CPU
		{97C1589C-495D-4A52-9B73-34F9F156D7CC}.Release|Any CPU.Build.0 = Release|Any CPU
	EndGlobalSection
	GlobalSection(SolutionProperties) = preSolution
		HideSolutionNode = FALSE
	EndGlobalSection
	GlobalSection(NestedProjects) = preSolution
		{D052140B-8415-4E86-824C-B59F38671E30} = {E4DEE1C0-F3BA-4B03-B208-C92042C61594}
		{26AA46D8-299F-4B16-8BD8-B7A4D2889C1E} = {E0B44034-6610-41F1-8F6C-B568AAB76DA0}
		{0EAF074C-D69C-4767-83F5-C84224AC660E} = {E0B44034-6610-41F1-8F6C-B568AAB76DA0}
		{625988A7-434C-46B9-A846-1EDE65355661} = {E0B44034-6610-41F1-8F6C-B568AAB76DA0}
		{97C1589C-495D-4A52-9B73-34F9F156D7CC} = {E0B44034-6610-41F1-8F6C-B568AAB76DA0}
	EndGlobalSection
EndGlobal
